// !$*UTF8*$!
{
	archiveVersion = 1;
	classes = {
	};
	objectVersion = 77;
	objects = {

/* Begin PBXBuildFile section */
		0B34374093BD9ECFF9917BC2 /* HomeView.swift in Sources */ = {isa = PBXBuildFile; fileRef = A6C930850AC02F3D1986C1F6 /* HomeView.swift */; };
		52777F6065FB1A0AFB00FBFE /* SupabaseService.swift in Sources */ = {isa = PBXBuildFile; fileRef = DB2F5C6A89369A7EBDD13B97 /* SupabaseService.swift */; };
		53ABC432525E98868EE4EB80 /* ShopView.swift in Sources */ = {isa = PBXBuildFile; fileRef = 5E590FEDABFA731EF04CCA03 /* ShopView.swift */; };
		90E039A62329D99ACFB50B4D /* CartView.swift in Sources */ = {isa = PBXBuildFile; fileRef = C226F1853E44797F62CEE479 /* CartView.swift */; };
		97C1B5960960AA5680BF8692 /* ContentView.swift in Sources */ = {isa = PBXBuildFile; fileRef = 077F53A7C8D7657B7399E9C9 /* ContentView.swift */; };
		C91F1B1C5C02724EABB4D745 /* ProfileView.swift in Sources */ = {isa = PBXBuildFile; fileRef = 917D78A07C61A2D698C32BEF /* ProfileView.swift */; };
		E53963B000500D84BEFD7FED /* ProductView.swift in Sources */ = {isa = PBXBuildFile; fileRef = 282F415800E48EFD3C83AEA9 /* ProductView.swift */; };
		EB111FC7FA22F815E09BAD24 /* VibinApp.swift in Sources */ = {isa = PBXBuildFile; fileRef = A695C944BD396D7FB043AE19 /* VibinApp.swift */; };
		FDB164BCBAF848F6636877AB /* Product.swift in Sources */ = {isa = PBXBuildFile; fileRef = BD10E139C3A434D9AA0AAA2B /* Product.swift */; };
/* End PBXBuildFile section */

/* Begin PBXFileReference section */
		077F53A7C8D7657B7399E9C9 /* ContentView.swift */ = {isa = PBXFileReference; lastKnownFileType = sourcecode.swift; path = ContentView.swift; sourceTree = "<group>"; };
		282F415800E48EFD3C83AEA9 /* ProductView.swift */ = {isa = PBXFileReference; lastKnownFileType = sourcecode.swift; path = ProductView.swift; sourceTree = "<group>"; };
		5E590FEDABFA731EF04CCA03 /* ShopView.swift */ = {isa = PBXFileReference; lastKnownFileType = sourcecode.swift; path = ShopView.swift; sourceTree = "<group>"; };
		90A8E834E79D35B4F04F48C5 /* VibinApp.app */ = {isa = PBXFileReference; includeInIndex = 0; lastKnownFileType = wrapper.application; path = VibinApp.app; sourceTree = BUILT_PRODUCTS_DIR; };
		917D78A07C61A2D698C32BEF /* ProfileView.swift */ = {isa = PBXFileReference; lastKnownFileType = sourcecode.swift; path = ProfileView.swift; sourceTree = "<group>"; };
		A695C944BD396D7FB043AE19 /* VibinApp.swift */ = {isa = PBXFileReference; lastKnownFileType = sourcecode.swift; path = VibinApp.swift; sourceTree = "<group>"; };
		A6C930850AC02F3D1986C1F6 /* HomeView.swift */ = {isa = PBXFileReference; lastKnownFileType = sourcecode.swift; path = HomeView.swift; sourceTree = "<group>"; };
		BD10E139C3A434D9AA0AAA2B /* Product.swift */ = {isa = PBXFileReference; lastKnownFileType = sourcecode.swift; path = Product.swift; sourceTree = "<group>"; };
		C226F1853E44797F62CEE479 /* CartView.swift */ = {isa = PBXFileReference; lastKnownFileType = sourcecode.swift; path = CartView.swift; sourceTree = "<group>"; };
		DB2F5C6A89369A7EBDD13B97 /* SupabaseService.swift */ = {isa = PBXFileReference; lastKnownFileType = sourcecode.swift; path = SupabaseService.swift; sourceTree = "<group>"; };
/* End PBXFileReference section */

/* Begin PBXGroup section */
		55B24AF7AD34975EF9DCE234 = {
			isa = PBXGroup;
			children = (
				E43E9149AE133B47C3C5E41E /* VibinApp */,
				BAC8306263D83715A71D3DB1 /* Products */,
			);
			sourceTree = "<group>";
		};
		9BAAFF52CB5FB2822F38BA14 /* Services */ = {
			isa = PBXGroup;
			children = (
				DB2F5C6A89369A7EBDD13B97 /* SupabaseService.swift */,
			);
			path = Services;
			sourceTree = "<group>";
		};
		A4A552F0DA7203D814926682 /* Models */ = {
			isa = PBXGroup;
			children = (
				BD10E139C3A434D9AA0AAA2B /* Product.swift */,
			);
			path = Models;
			sourceTree = "<group>";
		};
		B22DA5FE227821626174CB54 /* Views */ = {
			isa = PBXGroup;
			children = (
				C226F1853E44797F62CEE479 /* CartView.swift */,
				077F53A7C8D7657B7399E9C9 /* ContentView.swift */,
				A6C930850AC02F3D1986C1F6 /* HomeView.swift */,
				282F415800E48EFD3C83AEA9 /* ProductView.swift */,
				917D78A07C61A2D698C32BEF /* ProfileView.swift */,
				5E590FEDABFA731EF04CCA03 /* ShopView.swift */,
			);
			path = Views;
			sourceTree = "<group>";
		};
		BAC8306263D83715A71D3DB1 /* Products */ = {
			isa = PBXGroup;
			children = (
				90A8E834E79D35B4F04F48C5 /* VibinApp.app */,
			);
			name = Products;
			sourceTree = "<group>";
		};
		E43E9149AE133B47C3C5E41E /* VibinApp */ = {
			isa = PBXGroup;
			children = (
				A695C944BD396D7FB043AE19 /* VibinApp.swift */,
				A4A552F0DA7203D814926682 /* Models */,
				9BAAFF52CB5FB2822F38BA14 /* Services */,
				B22DA5FE227821626174CB54 /* Views */,
			);
			path = VibinApp;
			sourceTree = "<group>";
		};
/* End PBXGroup section */

/* Begin PBXNativeTarget section */
		D10B53F7EAE21D07A05F5F18 /* VibinApp */ = {
			isa = PBXNativeTarget;
			buildConfigurationList = A1EEFA85DAED4FE859018C84 /* Build configuration list for PBXNativeTarget "VibinApp" */;
			buildPhases = (
				D5AFB3D169DFDEA59E34C3E7 /* Sources */,
			);
			buildRules = (
			);
			dependencies = (
			);
			name = VibinApp;
			packageProductDependencies = (
			);
			productName = VibinApp;
			productReference = 90A8E834E79D35B4F04F48C5 /* VibinApp.app */;
			productType = "com.apple.product-type.application";
		};
/* End PBXNativeTarget section */

/* Begin PBXProject section */
		C314376D0BD03C7E384A9264 /* Project object */ = {
			isa = PBXProject;
			attributes = {
				BuildIndependentTargetsInParallel = YES;
				LastUpgradeCheck = 1430;
				TargetAttributes = {
				};
			};
			buildConfigurationList = ABB0B61F4709D5F9541694EA /* Build configuration list for PBXProject "VibinApp" */;
			developmentRegion = en;
			hasScannedForEncodings = 0;
			knownRegions = (
				Base,
				en,
			);
			mainGroup = 55B24AF7AD34975EF9DCE234;
			minimizedProjectReferenceProxies = 1;
			preferredProjectObjectVersion = 77;
			productRefGroup = BAC8306263D83715A71D3DB1 /* Products */;
			projectDirPath = "";
			projectRoot = "";
			targets = (
				D10B53F7EAE21D07A05F5F18 /* VibinApp */,
			);
		};
/* End PBXProject section */

/* Begin PBXSourcesBuildPhase section */
		D5AFB3D169DFDEA59E34C3E7 /* Sources */ = {
			isa = PBXSourcesBuildPhase;
			buildActionMask = 2147483647;
			files = (
				90E039A62329D99ACFB50B4D /* CartView.swift in Sources */,
				97C1B5960960AA5680BF8692 /* ContentView.swift in Sources */,
				0B34374093BD9ECFF9917BC2 /* HomeView.swift in Sources */,
				FDB164BCBAF848F6636877AB /* Product.swift in Sources */,
				E53963B000500D84BEFD7FED /* ProductView.swift in Sources */,
				C91F1B1C5C02724EABB4D745 /* ProfileView.swift in Sources */,
				53ABC432525E98868EE4EB80 /* ShopView.swift in Sources */,
				52777F6065FB1A0AFB00FBFE /* SupabaseService.swift in Sources */,
				EB111FC7FA22F815E09BAD24 /* VibinApp.swift in Sources */,
			);
			runOnlyForDeploymentPostprocessing = 0;
		};
/* End PBXSourcesBuildPhase section */

/* Begin XCBuildConfiguration section */
		0C3E6C67CFBE3AB517629509 /* Release */ = {
			isa = XCBuildConfiguration;
			buildSettings = {
				ASSETCATALOG_COMPILER_APPICON_NAME = AppIcon;
				CODE_SIGN_IDENTITY = "iPhone Developer";
				CURRENT_PROJECT_VERSION = 1;
				INFOPLIST_FILE = VibinApp/Info.plist;
				IPHONEOS_DEPLOYMENT_TARGET = 16.0;
				LD_RUNPATH_SEARCH_PATHS = (
					"$(inherited)",
					"@executable_path/Frameworks",
				);
				MARKETING_VERSION = 1.0;
				PRODUCT_BUNDLE_IDENTIFIER = com.vibin.app;
				SDKROOT = iphoneos;
				SWIFT_VERSION = 5.0;
				TARGETED_DEVICE_FAMILY = "1,2";
			};
			name = Release;
		};
		34E88B06C11E528836E45B83 /* Debug */ = {
			isa = XCBuildConfiguration;
			buildSettings = {
				ALWAYS_SEARCH_USER_PATHS = NO;
				CLANG_ANALYZER_NONNULL = YES;
				CLANG_ANALYZER_NUMBER_OBJECT_CONVERSION = YES_AGGRESSIVE;
				CLANG_CXX_LANGUAGE_STANDARD = "gnu++14";
				CLANG_CXX_LIBRARY = "libc++";
				CLANG_ENABLE_MODULES = YES;
				CLANG_ENABLE_OBJC_ARC = YES;
				CLANG_ENABLE_OBJC_WEAK = YES;
				CLANG_WARN_BLOCK_CAPTURE_AUTORELEASING = YES;
				CLANG_WARN_BOOL_CONVERSION = YES;
				CLANG_WARN_COMMA = YES;
				CLANG_WARN_CONSTANT_CONVERSION = YES;
				CLANG_WARN_DEPRECATED_OBJC_IMPLEMENTATIONS = YES;
				CLANG_WARN_DIRECT_OBJC_ISA_USAGE = YES_ERROR;
				CLANG_WARN_DOCUMENTATION_COMMENTS = YES;
				CLANG_WARN_EMPTY_BODY = YES;
				CLANG_WARN_ENUM_CONVERSION = YES;
				CLANG_WARN_INFINITE_RECURSION = YES;
				CLANG_WARN_INT_CONVERSION = YES;
				CLANG_WARN_NON_LITERAL_NULL_CONVERSION = YES;
				CLANG_WARN_OBJC_IMPLICIT_RETAIN_SELF = YES;
				CLANG_WARN_OBJC_LITERAL_CONVERSION = YES;
				CLANG_WARN_OBJC_ROOT_CLASS = YES_ERROR;
				CLANG_WARN_QUOTED_INCLUDE_IN_FRAMEWORK_HEADER = YES;
				CLANG_WARN_RANGE_LOOP_ANALYSIS = YES;
				CLANG_WARN_STRICT_PROTOTYPES = YES;
				CLANG_WARN_SUSPICIOUS_MOVE = YES;
				CLANG_WARN_UNGUARDED_AVAILABILITY = YES_AGGRESSIVE;
				CLANG_WARN_UNREACHABLE_CODE = YES;
				CLANG_WARN__DUPLICATE_METHOD_MATCH = YES;
				COPY_PHASE_STRIP = NO;
				DEBUG_INFORMATION_FORMAT = dwarf;
				ENABLE_STRICT_OBJC_MSGSEND = YES;
				ENABLE_TESTABILITY = YES;
				GCC_C_LANGUAGE_STANDARD = gnu11;
				GCC_DYNAMIC_NO_PIC = NO;
				GCC_NO_COMMON_BLOCKS = YES;
				GCC_OPTIMIZATION_LEVEL = 0;
				GCC_PREPROCESSOR_DEFINITIONS = (
					"$(inherited)",
					"DEBUG=1",
				);
				GCC_WARN_64_TO_32_BIT_CONVERSION = YES;
				GCC_WARN_ABOUT_RETURN_TYPE = YES_ERROR;
				GCC_WARN_UNDECLARED_SELECTOR = YES;
				GCC_WARN_UNINITIALIZED_AUTOS = YES_AGGRESSIVE;
				GCC_WARN_UNUSED_FUNCTION = YES;
				GCC_WARN_UNUSED_VARIABLE = YES;
				MTL_ENABLE_DEBUG_INFO = INCLUDE_SOURCE;
				MTL_FAST_MATH = YES;
				ONLY_ACTIVE_ARCH = YES;
				PRODUCT_NAME = "$(TARGET_NAME)";
				SDKROOT = iphoneos;
				SWIFT_ACTIVE_COMPILATION_CONDITIONS = DEBUG;
				SWIFT_OPTIMIZATION_LEVEL = "-Onone";
				SWIFT_VERSION = 5.0;
			};
			name = Debug;
		};
		D4E76CD7CF5D500FDEA2ECE7 /* Release */ = {
			isa = XCBuildConfiguration;
			buildSettings = {
				ALWAYS_SEARCH_USER_PATHS = NO;
				CLANG_ANALYZER_NONNULL = YES;
				CLANG_ANALYZER_NUMBER_OBJECT_CONVERSION = YES_AGGRESSIVE;
				CLANG_CXX_LANGUAGE_STANDARD = "gnu++14";
				CLANG_CXX_LIBRARY = "libc++";
				CLANG_ENABLE_MODULES = YES;
				CLANG_ENABLE_OBJC_ARC = YES;
				CLANG_ENABLE_OBJC_WEAK = YES;
				CLANG_WARN_BLOCK_CAPTURE_AUTORELEASING = YES;
				CLANG_WARN_BOOL_CONVERSION = YES;
				CLANG_WARN_COMMA = YES;
				CLANG_WARN_CONSTANT_CONVERSION = YES;
				CLANG_WARN_DEPRECATED_OBJC_IMPLEMENTATIONS = YES;
				CLANG_WARN_DIRECT_OBJC_ISA_USAGE = YES_ERROR;
				CLANG_WARN_DOCUMENTATION_COMMENTS = YES;
				CLANG_WARN_EMPTY_BODY = YES;
				CLANG_WARN_ENUM_CONVERSION = YES;
				CLANG_WARN_INFINITE_RECURSION = YES;
				CLANG_WARN_INT_CONVERSION = YES;
				CLANG_WARN_NON_LITERAL_NULL_CONVERSION = YES;
				CLANG_WARN_OBJC_IMPLICIT_RETAIN_SELF = YES;
				CLANG_WARN_OBJC_LITERAL_CONVERSION = YES;
				CLANG_WARN_OBJC_ROOT_CLASS = YES_ERROR;
				CLANG_WARN_QUOTED_INCLUDE_IN_FRAMEWORK_HEADER = YES;
				CLANG_WARN_RANGE_LOOP_ANALYSIS = YES;
				CLANG_WARN_STRICT_PROTOTYPES = YES;
				CLANG_WARN_SUSPICIOUS_MOVE = YES;
				CLANG_WARN_UNGUARDED_AVAILABILITY = YES_AGGRESSIVE;
				CLANG_WARN_UNREACHABLE_CODE = YES;
				CLANG_WARN__DUPLICATE_METHOD_MATCH = YES;
				COPY_PHASE_STRIP = NO;
				DEBUG_INFORMATION_FORMAT = "dwarf-with-dsym";
				ENABLE_NS_ASSERTIONS = NO;
				ENABLE_STRICT_OBJC_MSGSEND = YES;
				GCC_C_LANGUAGE_STANDARD = gnu11;
				GCC_NO_COMMON_BLOCKS = YES;
				GCC_WARN_64_TO_32_BIT_CONVERSION = YES;
				GCC_WARN_ABOUT_RETURN_TYPE = YES_ERROR;
				GCC_WARN_UNDECLARED_SELECTOR = YES;
				GCC_WARN_UNINITIALIZED_AUTOS = YES_AGGRESSIVE;
				GCC_WARN_UNUSED_FUNCTION = YES;
				GCC_WARN_UNUSED_VARIABLE = YES;
				MTL_ENABLE_DEBUG_INFO = NO;
				MTL_FAST_MATH = YES;
				PRODUCT_NAME = "$(TARGET_NAME)";
				SDKROOT = iphoneos;
				SWIFT_COMPILATION_MODE = wholemodule;
				SWIFT_OPTIMIZATION_LEVEL = "-O";
				SWIFT_VERSION = 5.0;
			};
			name = Release;
		};
		F1C7A8655184955F2152199C /* Debug */ = {
			isa = XCBuildConfiguration;
			buildSettings = {
				ASSETCATALOG_COMPILER_APPICON_NAME = AppIcon;
				CODE_SIGN_IDENTITY = "iPhone Developer";
				CURRENT_PROJECT_VERSION = 1;
				INFOPLIST_FILE = VibinApp/Info.plist;
				IPHONEOS_DEPLOYMENT_TARGET = 16.0;
				LD_RUNPATH_SEARCH_PATHS = (
					"$(inherited)",
					"@executable_path/Frameworks",
				);
				MARKETING_VERSION = 1.0;
				PRODUCT_BUNDLE_IDENTIFIER = com.vibin.app;
				SDKROOT = iphoneos;
				SWIFT_VERSION = 5.0;
				TARGETED_DEVICE_FAMILY = "1,2";
			};
			name = Debug;
		};
/* End XCBuildConfiguration section */

/* Begin XCConfigurationList section */
		A1EEFA85DAED4FE859018C84 /* Build configuration list for PBXNativeTarget "VibinApp" */ = {
			isa = XCConfigurationList;
			buildConfigurations = (
				F1C7A8655184955F2152199C /* Debug */,
				0C3E6C67CFBE3AB517629509 /* Release */,
			);
			defaultConfigurationIsVisible = 0;
			defaultConfigurationName = Debug;
		};
		ABB0B61F4709D5F9541694EA /* Build configuration list for PBXProject "VibinApp" */ = {
			isa = XCConfigurationList;
			buildConfigurations = (
				34E88B06C11E528836E45B83 /* Debug */,
				D4E76CD7CF5D500FDEA2ECE7 /* Release */,
			);
			defaultConfigurationIsVisible = 0;
			defaultConfigurationName = Debug;
		};
/* End XCConfigurationList section */
	};
	rootObject = C314376D0BD03C7E384A9264 /* Project object */;
}
